
Microsoft Visual Studio Solution File, Format Version 12.00
# Visual Studio Version 17
VisualStudioVersion = 17.5.33516.290
MinimumVisualStudioVersion = 10.0.40219.1
Project("{9A19103F-16F7-4668-BE54-9A1E7A4F7556}") = "DotNet_GenteFit", "GenteFit\DotNet_GenteFit.csproj", "{D2D72EBC-5390-48A3-AEAA-4C4639525A74}"
EndProject
Project("{9A19103F-16F7-4668-BE54-9A1E7A4F7556}") = "DotNet_GenteFit.CapaDatos", "DotNet_GenteFit.CapaDatos\DotNet_GenteFit.CapaDatos.csproj", "{68FB029C-033C-4111-B602-85ADB2DBD7D6}"
EndProject
Project("{2150E333-8FDC-42A3-9474-1A3956D46DE8}") = "Elementos de la solución", "Elementos de la solución", "{A5163839-F836-4449-B41B-C51B258F16A8}"
	ProjectSection(SolutionItems) = preProject
		.gitignore = .gitignore
		README.md = README.md
	EndProjectSection
EndProject
Project("{FAE04EC0-301F-11D3-BF4B-00C04F79EFBC}") = "GenteFit.Tests", "GenteFit.Tests\GenteFit.Tests.csproj", "{14202182-35F5-495F-8A83-C91C6C043964}"
EndProject
Global
	GlobalSection(SolutionConfigurationPlatforms) = preSolution
		Debug|Any CPU = Debug|Any CPU
		Release|Any CPU = Release|Any CPU
	EndGlobalSection
	GlobalSection(ProjectConfigurationPlatforms) = postSolution
		{D2D72EBC-5390-48A3-AEAA-4C4639525A74}.Debug|Any CPU.ActiveCfg = Debug|Any CPU
		{D2D72EBC-5390-48A3-AEAA-4C4639525A74}.Debug|Any CPU.Build.0 = Debug|Any CPU
		{D2D72EBC-5390-48A3-AEAA-4C4639525A74}.Release|Any CPU.ActiveCfg = Release|Any CPU
		{D2D72EBC-5390-48A3-AEAA-4C4639525A74}.Release|Any CPU.Build.0 = Release|Any CPU
		{68FB029C-033C-4111-B602-85ADB2DBD7D6}.Debug|Any CPU.ActiveCfg = Debug|Any CPU
		{68FB029C-033C-4111-B602-85ADB2DBD7D6}.Debug|Any CPU.Build.0 = Debug|Any CPU
		{68FB029C-033C-4111-B602-85ADB2DBD7D6}.Release|Any CPU.ActiveCfg = Release|Any CPU
		{68FB029C-033C-4111-B602-85ADB2DBD7D6}.Release|Any CPU.Build.0 = Release|Any CPU
		{14202182-35F5-495F-8A83-C91C6C043964}.Debug|Any CPU.ActiveCfg = Debug|Any CPU
		{14202182-35F5-495F-8A83-C91C6C043964}.Debug|Any CPU.Build.0 = Debug|Any CPU
		{14202182-35F5-495F-8A83-C91C6C043964}.Release|Any CPU.ActiveCfg = Release|Any CPU
		{14202182-35F5-495F-8A83-C91C6C043964}.Release|Any CPU.Build.0 = Release|Any CPU
	EndGlobalSection
	GlobalSection(SolutionProperties) = preSolution
		HideSolutionNode = FALSE
	EndGlobalSection
	GlobalSection(ExtensibilityGlobals) = postSolution
		SolutionGuid = {5278159A-EB1E-4995-826E-8C151C6A353C}
	EndGlobalSection
EndGlobal
